// !$*UTF8*$!
{
	archiveVersion = 1;
	classes = {
	};
	objectVersion = 55;
	objects = {

/* Begin PBXBuildFile section */
		11426B9127C71DE300762B29 /* AppDelegate.swift in Sources */ = {isa = PBXBuildFile; fileRef = 11426B9027C71DE300762B29 /* AppDelegate.swift */; };
		11426B9327C71DE300762B29 /* SceneDelegate.swift in Sources */ = {isa = PBXBuildFile; fileRef = 11426B9227C71DE300762B29 /* SceneDelegate.swift */; };
		11426B9527C71DE300762B29 /* ViewController.swift in Sources */ = {isa = PBXBuildFile; fileRef = 11426B9427C71DE300762B29 /* ViewController.swift */; };
		11426B9A27C71DE400762B29 /* Assets.xcassets in Resources */ = {isa = PBXBuildFile; fileRef = 11426B9927C71DE400762B29 /* Assets.xcassets */; };
		11426BA827C71DE500762B29 /* Tabbar_StudyTests.swift in Sources */ = {isa = PBXBuildFile; fileRef = 11426BA727C71DE500762B29 /* Tabbar_StudyTests.swift */; };
		11426BB227C71DE500762B29 /* Tabbar_StudyUITests.swift in Sources */ = {isa = PBXBuildFile; fileRef = 11426BB127C71DE500762B29 /* Tabbar_StudyUITests.swift */; };
		11426BB427C71DE500762B29 /* Tabbar_StudyUITestsLaunchTests.swift in Sources */ = {isa = PBXBuildFile; fileRef = 11426BB327C71DE500762B29 /* Tabbar_StudyUITestsLaunchTests.swift */; };
		11426BC127C71FE100762B29 /* MainCoordinator.swift in Sources */ = {isa = PBXBuildFile; fileRef = 11426BC027C71FE100762B29 /* MainCoordinator.swift */; };
		11426BC627C7288500762B29 /* TwoViewController.swift in Sources */ = {isa = PBXBuildFile; fileRef = 11426BC427C7288500762B29 /* TwoViewController.swift */; };
		11426BC727C7288500762B29 /* TwoViewController.xib in Resources */ = {isa = PBXBuildFile; fileRef = 11426BC527C7288500762B29 /* TwoViewController.xib */; };
		11426BCA27C728CA00762B29 /* ThreeViewController.swift in Sources */ = {isa = PBXBuildFile; fileRef = 11426BC827C728CA00762B29 /* ThreeViewController.swift */; };
		11426BCB27C728CA00762B29 /* ThreeViewController.xib in Resources */ = {isa = PBXBuildFile; fileRef = 11426BC927C728CA00762B29 /* ThreeViewController.xib */; };
/* End PBXBuildFile section */

/* Begin PBXContainerItemProxy section */
		11426BA427C71DE500762B29 /* PBXContainerItemProxy */ = {
			isa = PBXContainerItemProxy;
			containerPortal = 11426B8527C71DE300762B29 /* Project object */;
			proxyType = 1;
			remoteGlobalIDString = 11426B8C27C71DE300762B29;
			remoteInfo = "Tabbar Study";
		};
		11426BAE27C71DE500762B29 /* PBXContainerItemProxy */ = {
			isa = PBXContainerItemProxy;
			containerPortal = 11426B8527C71DE300762B29 /* Project object */;
			proxyType = 1;
			remoteGlobalIDString = 11426B8C27C71DE300762B29;
			remoteInfo = "Tabbar Study";
		};
/* End PBXContainerItemProxy section */

/* Begin PBXFileReference section */
		11426B8D27C71DE300762B29 /* Tabbar Study.app */ = {isa = PBXFileReference; explicitFileType = wrapper.application; includeInIndex = 0; path = "Tabbar Study.app"; sourceTree = BUILT_PRODUCTS_DIR; };
		11426B9027C71DE300762B29 /* AppDelegate.swift */ = {isa = PBXFileReference; lastKnownFileType = sourcecode.swift; path = AppDelegate.swift; sourceTree = "<group>"; };
		11426B9227C71DE300762B29 /* SceneDelegate.swift */ = {isa = PBXFileReference; lastKnownFileType = sourcecode.swift; path = SceneDelegate.swift; sourceTree = "<group>"; };
		11426B9427C71DE300762B29 /* ViewController.swift */ = {isa = PBXFileReference; lastKnownFileType = sourcecode.swift; path = ViewController.swift; sourceTree = "<group>"; };
		11426B9927C71DE400762B29 /* Assets.xcassets */ = {isa = PBXFileReference; lastKnownFileType = folder.assetcatalog; path = Assets.xcassets; sourceTree = "<group>"; };
		11426B9E27C71DE400762B29 /* Info.plist */ = {isa = PBXFileReference; lastKnownFileType = text.plist.xml; path = Info.plist; sourceTree = "<group>"; };
		11426BA327C71DE500762B29 /* Tabbar StudyTests.xctest */ = {isa = PBXFileReference; explicitFileType = wrapper.cfbundle; includeInIndex = 0; path = "Tabbar StudyTests.xctest"; sourceTree = BUILT_PRODUCTS_DIR; };
		11426BA727C71DE500762B29 /* Tabbar_StudyTests.swift */ = {isa = PBXFileReference; lastKnownFileType = sourcecode.swift; path = Tabbar_StudyTests.swift; sourceTree = "<group>"; };
		11426BAD27C71DE500762B29 /* Tabbar StudyUITests.xctest */ = {isa = PBXFileReference; explicitFileType = wrapper.cfbundle; includeInIndex = 0; path = "Tabbar StudyUITests.xctest"; sourceTree = BUILT_PRODUCTS_DIR; };
		11426BB127C71DE500762B29 /* Tabbar_StudyUITests.swift */ = {isa = PBXFileReference; lastKnownFileType = sourcecode.swift; path = Tabbar_StudyUITests.swift; sourceTree = "<group>"; };
		11426BB327C71DE500762B29 /* Tabbar_StudyUITestsLaunchTests.swift */ = {isa = PBXFileReference; lastKnownFileType = sourcecode.swift; path = Tabbar_StudyUITestsLaunchTests.swift; sourceTree = "<group>"; };
		11426BC027C71FE100762B29 /* MainCoordinator.swift */ = {isa = PBXFileReference; lastKnownFileType = sourcecode.swift; path = MainCoordinator.swift; sourceTree = "<group>"; };
		11426BC427C7288500762B29 /* TwoViewController.swift */ = {isa = PBXFileReference; lastKnownFileType = sourcecode.swift; path = TwoViewController.swift; sourceTree = "<group>"; };
		11426BC527C7288500762B29 /* TwoViewController.xib */ = {isa = PBXFileReference; lastKnownFileType = file.xib; path = TwoViewController.xib; sourceTree = "<group>"; };
		11426BC827C728CA00762B29 /* ThreeViewController.swift */ = {isa = PBXFileReference; lastKnownFileType = sourcecode.swift; path = ThreeViewController.swift; sourceTree = "<group>"; };
		11426BC927C728CA00762B29 /* ThreeViewController.xib */ = {isa = PBXFileReference; lastKnownFileType = file.xib; path = ThreeViewController.xib; sourceTree = "<group>"; };
/* End PBXFileReference section */

/* Begin PBXFrameworksBuildPhase section */
		11426B8A27C71DE300762B29 /* Frameworks */ = {
			isa = PBXFrameworksBuildPhase;
			buildActionMask = 2147483647;
			files = (
			);
			runOnlyForDeploymentPostprocessing = 0;
		};
		11426BA027C71DE500762B29 /* Frameworks */ = {
			isa = PBXFrameworksBuildPhase;
			buildActionMask = 2147483647;
			files = (
			);
			runOnlyForDeploymentPostprocessing = 0;
		};
		11426BAA27C71DE500762B29 /* Frameworks */ = {
			isa = PBXFrameworksBuildPhase;
			buildActionMask = 2147483647;
			files = (
			);
			runOnlyForDeploymentPostprocessing = 0;
		};
/* End PBXFrameworksBuildPhase section */

/* Begin PBXGroup section */
		11426B8427C71DE300762B29 = {
			isa = PBXGroup;
			children = (
				11426B8F27C71DE300762B29 /* Tabbar Study */,
				11426BA627C71DE500762B29 /* Tabbar StudyTests */,
				11426BB027C71DE500762B29 /* Tabbar StudyUITests */,
				11426B8E27C71DE300762B29 /* Products */,
			);
			sourceTree = "<group>";
		};
		11426B8E27C71DE300762B29 /* Products */ = {
			isa = PBXGroup;
			children = (
				11426B8D27C71DE300762B29 /* Tabbar Study.app */,
				11426BA327C71DE500762B29 /* Tabbar StudyTests.xctest */,
				11426BAD27C71DE500762B29 /* Tabbar StudyUITests.xctest */,
			);
			name = Products;
			sourceTree = "<group>";
		};
		11426B8F27C71DE300762B29 /* Tabbar Study */ = {
			isa = PBXGroup;
			children = (
				11426B9027C71DE300762B29 /* AppDelegate.swift */,
				11426B9227C71DE300762B29 /* SceneDelegate.swift */,
				11426B9427C71DE300762B29 /* ViewController.swift */,
				11426B9927C71DE400762B29 /* Assets.xcassets */,
				11426B9E27C71DE400762B29 /* Info.plist */,
				11426BC027C71FE100762B29 /* MainCoordinator.swift */,
				11426BC427C7288500762B29 /* TwoViewController.swift */,
				11426BC527C7288500762B29 /* TwoViewController.xib */,
				11426BC827C728CA00762B29 /* ThreeViewController.swift */,
				11426BC927C728CA00762B29 /* ThreeViewController.xib */,
			);
			path = "Tabbar Study";
			sourceTree = "<group>";
		};
		11426BA627C71DE500762B29 /* Tabbar StudyTests */ = {
			isa = PBXGroup;
			children = (
				11426BA727C71DE500762B29 /* Tabbar_StudyTests.swift */,
			);
			path = "Tabbar StudyTests";
			sourceTree = "<group>";
		};
		11426BB027C71DE500762B29 /* Tabbar StudyUITests */ = {
			isa = PBXGroup;
			children = (
				11426BB127C71DE500762B29 /* Tabbar_StudyUITests.swift */,
				11426BB327C71DE500762B29 /* Tabbar_StudyUITestsLaunchTests.swift */,
			);
			path = "Tabbar StudyUITests";
			sourceTree = "<group>";
		};
/* End PBXGroup section */

/* Begin PBXNativeTarget section */
		11426B8C27C71DE300762B29 /* Tabbar Study */ = {
			isa = PBXNativeTarget;
			buildConfigurationList = 11426BB727C71DE500762B29 /* Build configuration list for PBXNativeTarget "Tabbar Study" */;
			buildPhases = (
				11426B8927C71DE300762B29 /* Sources */,
				11426B8A27C71DE300762B29 /* Frameworks */,
				11426B8B27C71DE300762B29 /* Resources */,
			);
			buildRules = (
			);
			dependencies = (
			);
			name = "Tabbar Study";
			productName = "Tabbar Study";
			productReference = 11426B8D27C71DE300762B29 /* Tabbar Study.app */;
			productType = "com.apple.product-type.application";
		};
		11426BA227C71DE500762B29 /* Tabbar StudyTests */ = {
			isa = PBXNativeTarget;
			buildConfigurationList = 11426BBA27C71DE500762B29 /* Build configuration list for PBXNativeTarget "Tabbar StudyTests" */;
			buildPhases = (
				11426B9F27C71DE500762B29 /* Sources */,
				11426BA027C71DE500762B29 /* Frameworks */,
				11426BA127C71DE500762B29 /* Resources */,
			);
			buildRules = (
			);
			dependencies = (
				11426BA527C71DE500762B29 /* PBXTargetDependency */,
			);
			name = "Tabbar StudyTests";
			productName = "Tabbar StudyTests";
			productReference = 11426BA327C71DE500762B29 /* Tabbar StudyTests.xctest */;
			productType = "com.apple.product-type.bundle.unit-test";
		};
		11426BAC27C71DE500762B29 /* Tabbar StudyUITests */ = {
			isa = PBXNativeTarget;
			buildConfigurationList = 11426BBD27C71DE500762B29 /* Build configuration list for PBXNativeTarget "Tabbar StudyUITests" */;
			buildPhases = (
				11426BA927C71DE500762B29 /* Sources */,
				11426BAA27C71DE500762B29 /* Frameworks */,
				11426BAB27C71DE500762B29 /* Resources */,
			);
			buildRules = (
			);
			dependencies = (
				11426BAF27C71DE500762B29 /* PBXTargetDependency */,
			);
			name = "Tabbar StudyUITests";
			productName = "Tabbar StudyUITests";
			productReference = 11426BAD27C71DE500762B29 /* Tabbar StudyUITests.xctest */;
			productType = "com.apple.product-type.bundle.ui-testing";
		};
/* End PBXNativeTarget section */

/* Begin PBXProject section */
		11426B8527C71DE300762B29 /* Project object */ = {
			isa = PBXProject;
			attributes = {
				BuildIndependentTargetsInParallel = 1;
				LastSwiftUpdateCheck = 1320;
				LastUpgradeCheck = 1320;
				TargetAttributes = {
					11426B8C27C71DE300762B29 = {
						CreatedOnToolsVersion = 13.2.1;
					};
					11426BA227C71DE500762B29 = {
						CreatedOnToolsVersion = 13.2.1;
						TestTargetID = 11426B8C27C71DE300762B29;
					};
					11426BAC27C71DE500762B29 = {
						CreatedOnToolsVersion = 13.2.1;
						TestTargetID = 11426B8C27C71DE300762B29;
					};
				};
			};
			buildConfigurationList = 11426B8827C71DE300762B29 /* Build configuration list for PBXProject "Tabbar Study" */;
			compatibilityVersion = "Xcode 13.0";
			developmentRegion = en;
			hasScannedForEncodings = 0;
			knownRegions = (
				en,
				Base,
			);
			mainGroup = 11426B8427C71DE300762B29;
			productRefGroup = 11426B8E27C71DE300762B29 /* Products */;
			projectDirPath = "";
			projectRoot = "";
			targets = (
				11426B8C27C71DE300762B29 /* Tabbar Study */,
				11426BA227C71DE500762B29 /* Tabbar StudyTests */,
				11426BAC27C71DE500762B29 /* Tabbar StudyUITests */,
			);
		};
/* End PBXProject section */

/* Begin PBXResourcesBuildPhase section */
		11426B8B27C71DE300762B29 /* Resources */ = {
			isa = PBXResourcesBuildPhase;
			buildActionMask = 2147483647;
			files = (
				11426BC727C7288500762B29 /* TwoViewController.xib in Resources */,
				11426B9A27C71DE400762B29 /* Assets.xcassets in Resources */,
				11426BCB27C728CA00762B29 /* ThreeViewController.xib in Resources */,
			);
			runOnlyForDeploymentPostprocessing = 0;
		};
		11426BA127C71DE500762B29 /* Resources */ = {
			isa = PBXResourcesBuildPhase;
			buildActionMask = 2147483647;
			files = (
			);
			runOnlyForDeploymentPostprocessing = 0;
		};
		11426BAB27C71DE500762B29 /* Resources */ = {
			isa = PBXResourcesBuildPhase;
			buildActionMask = 2147483647;
			files = (
			);
			runOnlyForDeploymentPostprocessing = 0;
		};
/* End PBXResourcesBuildPhase section */

/* Begin PBXSourcesBuildPhase section */
		11426B8927C71DE300762B29 /* Sources */ = {
			isa = PBXSourcesBuildPhase;
			buildActionMask = 2147483647;
			files = (
				11426BC627C7288500762B29 /* TwoViewController.swift in Sources */,
				11426B9527C71DE300762B29 /* ViewController.swift in Sources */,
				11426BC127C71FE100762B29 /* MainCoordinator.swift in Sources */,
				11426BCA27C728CA00762B29 /* ThreeViewController.swift in Sources */,
				11426B9127C71DE300762B29 /* AppDelegate.swift in Sources */,
				11426B9327C71DE300762B29 /* SceneDelegate.swift in Sources */,
			);
			runOnlyForDeploymentPostprocessing = 0;
		};
		11426B9F27C71DE500762B29 /* Sources */ = {
			isa = PBXSourcesBuildPhase;
			buildActionMask = 2147483647;
			files = (
				11426BA827C71DE500762B29 /* Tabbar_StudyTests.swift in Sources */,
			);
			runOnlyForDeploymentPostprocessing = 0;
		};
		11426BA927C71DE500762B29 /* Sources */ = {
			isa = PBXSourcesBuildPhase;
			buildActionMask = 2147483647;
			files = (
				11426BB427C71DE500762B29 /* Tabbar_StudyUITestsLaunchTests.swift in Sources */,
				11426BB227C71DE500762B29 /* Tabbar_StudyUITests.swift in Sources */,
			);
			runOnlyForDeploymentPostprocessing = 0;
		};
/* End PBXSourcesBuildPhase section */

/* Begin PBXTargetDependency section */
		11426BA527C71DE500762B29 /* PBXTargetDependency */ = {
			isa = PBXTargetDependency;
			target = 11426B8C27C71DE300762B29 /* Tabbar Study */;
			targetProxy = 11426BA427C71DE500762B29 /* PBXContainerItemProxy */;
		};
		11426BAF27C71DE500762B29 /* PBXTargetDependency */ = {
			isa = PBXTargetDependency;
			target = 11426B8C27C71DE300762B29 /* Tabbar Study */;
			targetProxy = 11426BAE27C71DE500762B29 /* PBXContainerItemProxy */;
		};
/* End PBXTargetDependency section */

/* Begin XCBuildConfiguration section */
		11426BB527C71DE500762B29 /* Debug */ = {
			isa = XCBuildConfiguration;
			buildSettings = {
				ALWAYS_SEARCH_USER_PATHS = NO;
				CLANG_ANALYZER_NONNULL = YES;
				CLANG_ANALYZER_NUMBER_OBJECT_CONVERSION = YES_AGGRESSIVE;
				CLANG_CXX_LANGUAGE_STANDARD = "gnu++17";
				CLANG_CXX_LIBRARY = "libc++";
				CLANG_ENABLE_MODULES = YES;
				CLANG_ENABLE_OBJC_ARC = YES;
				CLANG_ENABLE_OBJC_WEAK = YES;
				CLANG_WARN_BLOCK_CAPTURE_AUTORELEASING = YES;
				CLANG_WARN_BOOL_CONVERSION = YES;
				CLANG_WARN_COMMA = YES;
				CLANG_WARN_CONSTANT_CONVERSION = YES;
				CLANG_WARN_DEPRECATED_OBJC_IMPLEMENTATIONS = YES;
				CLANG_WARN_DIRECT_OBJC_ISA_USAGE = YES_ERROR;
				CLANG_WARN_DOCUMENTATION_COMMENTS = YES;
				CLANG_WARN_EMPTY_BODY = YES;
				CLANG_WARN_ENUM_CONVERSION = YES;
				CLANG_WARN_INFINITE_RECURSION = YES;
				CLANG_WARN_INT_CONVERSION = YES;
				CLANG_WARN_NON_LITERAL_NULL_CONVERSION = YES;
				CLANG_WARN_OBJC_IMPLICIT_RETAIN_SELF = YES;
				CLANG_WARN_OBJC_LITERAL_CONVERSION = YES;
				CLANG_WARN_OBJC_ROOT_CLASS = YES_ERROR;
				CLANG_WARN_QUOTED_INCLUDE_IN_FRAMEWORK_HEADER = YES;
				CLANG_WARN_RANGE_LOOP_ANALYSIS = YES;
				CLANG_WARN_STRICT_PROTOTYPES = YES;
				CLANG_WARN_SUSPICIOUS_MOVE = YES;
				CLANG_WARN_UNGUARDED_AVAILABILITY = YES_AGGRESSIVE;
				CLANG_WARN_UNREACHABLE_CODE = YES;
				CLANG_WARN__DUPLICATE_METHOD_MATCH = YES;
				COPY_PHASE_STRIP = NO;
				DEBUG_INFORMATION_FORMAT = dwarf;
				ENABLE_STRICT_OBJC_MSGSEND = YES;
				ENABLE_TESTABILITY = YES;
				GCC_C_LANGUAGE_STANDARD = gnu11;
				GCC_DYNAMIC_NO_PIC = NO;
				GCC_NO_COMMON_BLOCKS = YES;
				GCC_OPTIMIZATION_LEVEL = 0;
				GCC_PREPROCESSOR_DEFINITIONS = (
					"DEBUG=1",
					"$(inherited)",
				);
				GCC_WARN_64_TO_32_BIT_CONVERSION = YES;
				GCC_WARN_ABOUT_RETURN_TYPE = YES_ERROR;
				GCC_WARN_UNDECLARED_SELECTOR = YES;
				GCC_WARN_UNINITIALIZED_AUTOS = YES_AGGRESSIVE;
				GCC_WARN_UNUSED_FUNCTION = YES;
				GCC_WARN_UNUSED_VARIABLE = YES;
				IPHONEOS_DEPLOYMENT_TARGET = 15.2;
				MTL_ENABLE_DEBUG_INFO = INCLUDE_SOURCE;
				MTL_FAST_MATH = YES;
				ONLY_ACTIVE_ARCH = YES;
				SDKROOT = iphoneos;
				SWIFT_ACTIVE_COMPILATION_CONDITIONS = DEBUG;
				SWIFT_OPTIMIZATION_LEVEL = "-Onone";
			};
			name = Debug;
		};
		11426BB627C71DE500762B29 /* Release */ = {
			isa = XCBuildConfiguration;
			buildSettings = {
				ALWAYS_SEARCH_USER_PATHS = NO;
				CLANG_ANALYZER_NONNULL = YES;
				CLANG_ANALYZER_NUMBER_OBJECT_CONVERSION = YES_AGGRESSIVE;
				CLANG_CXX_LANGUAGE_STANDARD = "gnu++17";
				CLANG_CXX_LIBRARY = "libc++";
				CLANG_ENABLE_MODULES = YES;
				CLANG_ENABLE_OBJC_ARC = YES;
				CLANG_ENABLE_OBJC_WEAK = YES;
				CLANG_WARN_BLOCK_CAPTURE_AUTORELEASING = YES;
				CLANG_WARN_BOOL_CONVERSION = YES;
				CLANG_WARN_COMMA = YES;
				CLANG_WARN_CONSTANT_CONVERSION = YES;
				CLANG_WARN_DEPRECATED_OBJC_IMPLEMENTATIONS = YES;
				CLANG_WARN_DIRECT_OBJC_ISA_USAGE = YES_ERROR;
				CLANG_WARN_DOCUMENTATION_COMMENTS = YES;
				CLANG_WARN_EMPTY_BODY = YES;
				CLANG_WARN_ENUM_CONVERSION = YES;
				CLANG_WARN_INFINITE_RECURSION = YES;
				CLANG_WARN_INT_CONVERSION = YES;
				CLANG_WARN_NON_LITERAL_NULL_CONVERSION = YES;
				CLANG_WARN_OBJC_IMPLICIT_RETAIN_SELF = YES;
				CLANG_WARN_OBJC_LITERAL_CONVERSION = YES;
				CLANG_WARN_OBJC_ROOT_CLASS = YES_ERROR;
				CLANG_WARN_QUOTED_INCLUDE_IN_FRAMEWORK_HEADER = YES;
				CLANG_WARN_RANGE_LOOP_ANALYSIS = YES;
				CLANG_WARN_STRICT_PROTOTYPES = YES;
				CLANG_WARN_SUSPICIOUS_MOVE = YES;
				CLANG_WARN_UNGUARDED_AVAILABILITY = YES_AGGRESSIVE;
				CLANG_WARN_UNREACHABLE_CODE = YES;
				CLANG_WARN__DUPLICATE_METHOD_MATCH = YES;
				COPY_PHASE_STRIP = NO;
				DEBUG_INFORMATION_FORMAT = "dwarf-with-dsym";
				ENABLE_NS_ASSERTIONS = NO;
				ENABLE_STRICT_OBJC_MSGSEND = YES;
				GCC_C_LANGUAGE_STANDARD = gnu11;
				GCC_NO_COMMON_BLOCKS = YES;
				GCC_WARN_64_TO_32_BIT_CONVERSION = YES;
				GCC_WARN_ABOUT_RETURN_TYPE = YES_ERROR;
				GCC_WARN_UNDECLARED_SELECTOR = YES;
				GCC_WARN_UNINITIALIZED_AUTOS = YES_AGGRESSIVE;
				GCC_WARN_UNUSED_FUNCTION = YES;
				GCC_WARN_UNUSED_VARIABLE = YES;
				IPHONEOS_DEPLOYMENT_TARGET = 15.2;
				MTL_ENABLE_DEBUG_INFO = NO;
				MTL_FAST_MATH = YES;
				SDKROOT = iphoneos;
				SWIFT_COMPILATION_MODE = wholemodule;
				SWIFT_OPTIMIZATION_LEVEL = "-O";
				VALIDATE_PRODUCT = YES;
			};
			name = Release;
		};
		11426BB827C71DE500762B29 /* Debug */ = {
			isa = XCBuildConfiguration;
			buildSettings = {
				ASSETCATALOG_COMPILER_APPICON_NAME = AppIcon;
				ASSETCATALOG_COMPILER_GLOBAL_ACCENT_COLOR_NAME = AccentColor;
				CODE_SIGN_STYLE = Automatic;
				CURRENT_PROJECT_VERSION = 1;
				DEVELOPMENT_TEAM = 8SM9A2F6Y9;
				GENERATE_INFOPLIST_FILE = YES;
				INFOPLIST_FILE = "Tabbar Study/Info.plist";
				INFOPLIST_KEY_UIApplicationSupportsIndirectInputEvents = YES;
				INFOPLIST_KEY_UILaunchStoryboardName = LaunchScreen;
				INFOPLIST_KEY_UISupportedInterfaceOrientations_iPad = "UIInterfaceOrientationPortrait UIInterfaceOrientationPortraitUpsideDown UIInterfaceOrientationLandscapeLeft UIInterfaceOrientationLandscapeRight";
				INFOPLIST_KEY_UISupportedInterfaceOrientations_iPhone = "UIInterfaceOrientationPortrait UIInterfaceOrientationLandscapeLeft UIInterfaceOrientationLandscapeRight";
				LD_RUNPATH_SEARCH_PATHS = (
					"$(inherited)",
					"@executable_path/Frameworks",
				);
				MARKETING_VERSION = 1.0;
				PRODUCT_BUNDLE_IDENTIFIER = "br.com.guisantos.Tabbar-Study";
				PRODUCT_NAME = "$(TARGET_NAME)";
				SWIFT_EMIT_LOC_STRINGS = YES;
				SWIFT_VERSION = 5.0;
				TARGETED_DEVICE_FAMILY = "1,2";
			};
			name = Debug;
		};
		11426BB927C71DE500762B29 /* Release */ = {
			isa = XCBuildConfiguration;
			buildSettings = {
				ASSETCATALOG_COMPILER_APPICON_NAME = AppIcon;
				ASSETCATALOG_COMPILER_GLOBAL_ACCENT_COLOR_NAME = AccentColor;
				CODE_SIGN_STYLE = Automatic;
				CURRENT_PROJECT_VERSION = 1;
				DEVELOPMENT_TEAM = 8SM9A2F6Y9;
				GENERATE_INFOPLIST_FILE = YES;
				INFOPLIST_FILE = "Tabbar Study/Info.plist";
				INFOPLIST_KEY_UIApplicationSupportsIndirectInputEvents = YES;
				INFOPLIST_KEY_UILaunchStoryboardName = LaunchScreen;
				INFOPLIST_KEY_UISupportedInterfaceOrientations_iPad = "UIInterfaceOrientationPortrait UIInterfaceOrientationPortraitUpsideDown UIInterfaceOrientationLandscapeLeft UIInterfaceOrientationLandscapeRight";
				INFOPLIST_KEY_UISupportedInterfaceOrientations_iPhone = "UIInterfaceOrientationPortrait UIInterfaceOrientationLandscapeLeft UIInterfaceOrientationLandscapeRight";
				LD_RUNPATH_SEARCH_PATHS = (
					"$(inherited)",
					"@executable_path/Frameworks",
				);
				MARKETING_VERSION = 1.0;
				PRODUCT_BUNDLE_IDENTIFIER = "br.com.guisantos.Tabbar-Study";
				PRODUCT_NAME = "$(TARGET_NAME)";
				SWIFT_EMIT_LOC_STRINGS = YES;
				SWIFT_VERSION = 5.0;
				TARGETED_DEVICE_FAMILY = "1,2";
			};
			name = Release;
		};
		11426BBB27C71DE500762B29 /* Debug */ = {
			isa = XCBuildConfiguration;
			buildSettings = {
				ALWAYS_EMBED_SWIFT_STANDARD_LIBRARIES = YES;
				BUNDLE_LOADER = "$(TEST_HOST)";
				CODE_SIGN_STYLE = Automatic;
				CURRENT_PROJECT_VERSION = 1;
				DEVELOPMENT_TEAM = 8SM9A2F6Y9;
				GENERATE_INFOPLIST_FILE = YES;
				IPHONEOS_DEPLOYMENT_TARGET = 15.2;
				MARKETING_VERSION = 1.0;
				PRODUCT_BUNDLE_IDENTIFIER = "br.com.guisantos.Tabbar-StudyTests";
				PRODUCT_NAME = "$(TARGET_NAME)";
				SWIFT_EMIT_LOC_STRINGS = NO;
				SWIFT_VERSION = 5.0;
				TARGETED_DEVICE_FAMILY = "1,2";
				TEST_HOST = "$(BUILT_PRODUCTS_DIR)/Tabbar Study.app/Tabbar Study";
			};
			name = Debug;
		};
		11426BBC27C71DE500762B29 /* Release */ = {
			isa = XCBuildConfiguration;
			buildSettings = {
				ALWAYS_EMBED_SWIFT_STANDARD_LIBRARIES = YES;
				BUNDLE_LOADER = "$(TEST_HOST)";
				CODE_SIGN_STYLE = Automatic;
				CURRENT_PROJECT_VERSION = 1;
				DEVELOPMENT_TEAM = 8SM9A2F6Y9;
				GENERATE_INFOPLIST_FILE = YES;
				IPHONEOS_DEPLOYMENT_TARGET = 15.2;
				MARKETING_VERSION = 1.0;
				PRODUCT_BUNDLE_IDENTIFIER = "br.com.guisantos.Tabbar-StudyTests";
				PRODUCT_NAME = "$(TARGET_NAME)";
				SWIFT_EMIT_LOC_STRINGS = NO;
				SWIFT_VERSION = 5.0;
				TARGETED_DEVICE_FAMILY = "1,2";
				TEST_HOST = "$(BUILT_PRODUCTS_DIR)/Tabbar Study.app/Tabbar Study";
			};
			name = Release;
		};
		11426BBE27C71DE500762B29 /* Debug */ = {
			isa = XCBuildConfiguration;
			buildSettings = {
				ALWAYS_EMBED_SWIFT_STANDARD_LIBRARIES = YES;
				CODE_SIGN_STYLE = Automatic;
				CURRENT_PROJECT_VERSION = 1;
				DEVELOPMENT_TEAM = 8SM9A2F6Y9;
				GENERATE_INFOPLIST_FILE = YES;
				MARKETING_VERSION = 1.0;
				PRODUCT_BUNDLE_IDENTIFIER = "br.com.guisantos.Tabbar-StudyUITests";
				PRODUCT_NAME = "$(TARGET_NAME)";
				SWIFT_EMIT_LOC_STRINGS = NO;
				SWIFT_VERSION = 5.0;
				TARGETED_DEVICE_FAMILY = "1,2";
				TEST_TARGET_NAME = "Tabbar Study";
			};
			name = Debug;
		};
		11426BBF27C71DE500762B29 /* Release */ = {
			isa = XCBuildConfiguration;
			buildSettings = {
				ALWAYS_EMBED_SWIFT_STANDARD_LIBRARIES = YES;
				CODE_SIGN_STYLE = Automatic;
				CURRENT_PROJECT_VERSION = 1;
				DEVELOPMENT_TEAM = 8SM9A2F6Y9;
				GENERATE_INFOPLIST_FILE = YES;
				MARKETING_VERSION = 1.0;
				PRODUCT_BUNDLE_IDENTIFIER = "br.com.guisantos.Tabbar-StudyUITests";
				PRODUCT_NAME = "$(TARGET_NAME)";
				SWIFT_EMIT_LOC_STRINGS = NO;
				SWIFT_VERSION = 5.0;
				TARGETED_DEVICE_FAMILY = "1,2";
				TEST_TARGET_NAME = "Tabbar Study";
			};
			name = Release;
		};
/* End XCBuildConfiguration section */

/* Begin XCConfigurationList section */
		11426B8827C71DE300762B29 /* Build configuration list for PBXProject "Tabbar Study" */ = {
			isa = XCConfigurationList;
			buildConfigurations = (
				11426BB527C71DE500762B29 /* Debug */,
				11426BB627C71DE500762B29 /* Release */,
			);
			defaultConfigurationIsVisible = 0;
			defaultConfigurationName = Release;
		};
		11426BB727C71DE500762B29 /* Build configuration list for PBXNativeTarget "Tabbar Study" */ = {
			isa = XCConfigurationList;
			buildConfigurations = (
				11426BB827C71DE500762B29 /* Debug */,
				11426BB927C71DE500762B29 /* Release */,
			);
			defaultConfigurationIsVisible = 0;
			defaultConfigurationName = Release;
		};
		11426BBA27C71DE500762B29 /* Build configuration list for PBXNativeTarget "Tabbar StudyTests" */ = {
			isa = XCConfigurationList;
			buildConfigurations = (
				11426BBB27C71DE500762B29 /* Debug */,
				11426BBC27C71DE500762B29 /* Release */,
			);
			defaultConfigurationIsVisible = 0;
			defaultConfigurationName = Release;
		};
		11426BBD27C71DE500762B29 /* Build configuration list for PBXNativeTarget "Tabbar StudyUITests" */ = {
			isa = XCConfigurationList;
			buildConfigurations = (
				11426BBE27C71DE500762B29 /* Debug */,
				11426BBF27C71DE500762B29 /* Release */,
			);
			defaultConfigurationIsVisible = 0;
			defaultConfigurationName = Release;
		};
/* End XCConfigurationList section */
	};
	rootObject = 11426B8527C71DE300762B29 /* Project object */;
}
